
Microsoft Visual Studio Solution File, Format Version 12.00
# Visual Studio 15
VisualStudioVersion = 15.0.27428.2027
MinimumVisualStudioVersion = 10.0.40219.1
Project("{FAE04EC0-301F-11D3-BF4B-00C04F79EFBC}") = "Esempio", "Esempio\Esempio.csproj", "{1A232643-40FC-4930-A601-E39F6F686BAB}"
EndProject
Project("{FAE04EC0-301F-11D3-BF4B-00C04F79EFBC}") = "Esempio.Tests", "Esempio.Tests\Esempio.Tests.csproj", "{D92E0AAE-8BAF-4AA2-A0F8-692BA16C97AF}"
EndProject
Global
	GlobalSection(SolutionConfigurationPlatforms) = preSolution
		Debug|Any CPU = Debug|Any CPU
		Release|Any CPU = Release|Any CPU
	EndGlobalSection
	GlobalSection(ProjectConfigurationPlatforms) = postSolution
		{1A232643-40FC-4930-A601-E39F6F686BAB}.Debug|Any CPU.ActiveCfg = Debug|Any CPU
		{1A232643-40FC-4930-A601-E39F6F686BAB}.Debug|Any CPU.Build.0 = Debug|Any CPU
		{1A232643-40FC-4930-A601-E39F6F686BAB}.Release|Any CPU.ActiveCfg = Release|Any CPU
		{1A232643-40FC-4930-A601-E39F6F686BAB}.Release|Any CPU.Build.0 = Release|Any CPU
		{D92E0AAE-8BAF-4AA2-A0F8-692BA16C97AF}.Debug|Any CPU.ActiveCfg = Debug|Any CPU
		{D92E0AAE-8BAF-4AA2-A0F8-692BA16C97AF}.Debug|Any CPU.Build.0 = Debug|Any CPU
		{D92E0AAE-8BAF-4AA2-A0F8-692BA16C97AF}.Release|Any CPU.ActiveCfg = Release|Any CPU
		{D92E0AAE-8BAF-4AA2-A0F8-692BA16C97AF}.Release|Any CPU.Build.0 = Release|Any CPU
	EndGlobalSection
	GlobalSection(SolutionProperties) = preSolution
		HideSolutionNode = FALSE
	EndGlobalSection
	GlobalSection(ExtensibilityGlobals) = postSolution
		SolutionGuid = {00306DD3-7F0E-4512-B2DB-2C7F3AF05665}
	EndGlobalSection
EndGlobal
